// !$*UTF8*$!
{
	archiveVersion = 1;
	classes = {
	};
	objectVersion = 50;
	objects = {

/* Begin PBXBuildFile section */
		9CD5586F214E02B600118B42 /* MainWindow.swift in Sources */ = {isa = PBXBuildFile; fileRef = 9CD5586E214E02B600118B42 /* MainWindow.swift */; };
		9CD81C7A214DE288001E7FB1 /* Swinject.framework in Frameworks */ = {isa = PBXBuildFile; fileRef = 9CD81C77214DE25A001E7FB1 /* Swinject.framework */; };
		9CD81C7B214DE288001E7FB1 /* Swinject.framework in Embed Frameworks */ = {isa = PBXBuildFile; fileRef = 9CD81C77214DE25A001E7FB1 /* Swinject.framework */; settings = {ATTRIBUTES = (CodeSignOnCopy, RemoveHeadersOnCopy, ); }; };
		9CD81C85214DE301001E7FB1 /* Swinject.framework.dSYM in Carthage, Copy dSYM files */ = {isa = PBXBuildFile; fileRef = 9CD81C84214DE2BE001E7FB1 /* Swinject.framework.dSYM */; };
		9CD81C88214DE36A001E7FB1 /* SwinjectAssembler.swift in Sources */ = {isa = PBXBuildFile; fileRef = 9CD81C87214DE36A001E7FB1 /* SwinjectAssembler.swift */; };
		9CD81C8B214DE41A001E7FB1 /* MainAssembly.swift in Sources */ = {isa = PBXBuildFile; fileRef = 9CD81C8A214DE41A001E7FB1 /* MainAssembly.swift */; };
		9CD81C8D214DE472001E7FB1 /* MainRouter.swift in Sources */ = {isa = PBXBuildFile; fileRef = 9CD81C8C214DE472001E7FB1 /* MainRouter.swift */; };
		9CD81C8F214DE531001E7FB1 /* MainPresenter.swift in Sources */ = {isa = PBXBuildFile; fileRef = 9CD81C8E214DE531001E7FB1 /* MainPresenter.swift */; };
		9CE464F4214E2767005000DD /* EventMonitor.swift in Sources */ = {isa = PBXBuildFile; fileRef = 9CE464F3214E2767005000DD /* EventMonitor.swift */; };
		9CE464F6214E36B9005000DD /* PlayerFunctions.js in Resources */ = {isa = PBXBuildFile; fileRef = 9CE464F5214E36B8005000DD /* PlayerFunctions.js */; };
		9CE464F9214E43F1005000DD /* CleanUiFunctions.js in Resources */ = {isa = PBXBuildFile; fileRef = 9CE464F8214E43F1005000DD /* CleanUiFunctions.js */; };
		9CE464FB214E449E005000DD /* Inject.js in Resources */ = {isa = PBXBuildFile; fileRef = 9CE464FA214E449E005000DD /* Inject.js */; };
		9CF2EF30214DC2C2000D5E30 /* AppDelegate.swift in Sources */ = {isa = PBXBuildFile; fileRef = 9CF2EF2F214DC2C2000D5E30 /* AppDelegate.swift */; };
		9CF2EF32214DC2C2000D5E30 /* MainController.swift in Sources */ = {isa = PBXBuildFile; fileRef = 9CF2EF31214DC2C2000D5E30 /* MainController.swift */; };
		9CF2EF34214DC2C3000D5E30 /* Assets.xcassets in Resources */ = {isa = PBXBuildFile; fileRef = 9CF2EF33214DC2C3000D5E30 /* Assets.xcassets */; };
		9CF2EF37214DC2C3000D5E30 /* Main.storyboard in Resources */ = {isa = PBXBuildFile; fileRef = 9CF2EF35214DC2C3000D5E30 /* Main.storyboard */; };
		9CF2EF42214DC33A000D5E30 /* LICENSE in Resources */ = {isa = PBXBuildFile; fileRef = 9CF2EF40214DC33A000D5E30 /* LICENSE */; };
		9CF2EF43214DC33A000D5E30 /* README.md in Resources */ = {isa = PBXBuildFile; fileRef = 9CF2EF41214DC33A000D5E30 /* README.md */; };
		9CF2EF45214DC382000D5E30 /* CHANGELOG.md in Resources */ = {isa = PBXBuildFile; fileRef = 9CF2EF44214DC382000D5E30 /* CHANGELOG.md */; };
		9CF2EF48214DC8C6000D5E30 /* WebViewController.swift in Sources */ = {isa = PBXBuildFile; fileRef = 9CF2EF47214DC8C6000D5E30 /* WebViewController.swift */; };
		9CF2EF4A214DCBD7000D5E30 /* Constants.swift in Sources */ = {isa = PBXBuildFile; fileRef = 9CF2EF49214DCBD7000D5E30 /* Constants.swift */; };
		9CF2EF4E214DCC0B000D5E30 /* Cartfile in Resources */ = {isa = PBXBuildFile; fileRef = 9CF2EF4D214DCC0B000D5E30 /* Cartfile */; };
		9CF2EF50214DD20D000D5E30 /* Localization.swift in Sources */ = {isa = PBXBuildFile; fileRef = 9CF2EF4F214DD20D000D5E30 /* Localization.swift */; };
/* End PBXBuildFile section */

/* Begin PBXCopyFilesBuildPhase section */
		9CD81C7C214DE289001E7FB1 /* Embed Frameworks */ = {
			isa = PBXCopyFilesBuildPhase;
			buildActionMask = 2147483647;
			dstPath = "";
			dstSubfolderSpec = 10;
			files = (
				9CD81C7B214DE288001E7FB1 /* Swinject.framework in Embed Frameworks */,
			);
			name = "Embed Frameworks";
			runOnlyForDeploymentPostprocessing = 0;
		};
		9CF2EF5C214DDDB0000D5E30 /* Carthage, Copy dSYM files */ = {
			isa = PBXCopyFilesBuildPhase;
			buildActionMask = 2147483647;
			dstPath = "";
			dstSubfolderSpec = 7;
			files = (
				9CD81C85214DE301001E7FB1 /* Swinject.framework.dSYM in Carthage, Copy dSYM files */,
			);
			name = "Carthage, Copy dSYM files";
			runOnlyForDeploymentPostprocessing = 0;
		};
/* End PBXCopyFilesBuildPhase section */

/* Begin PBXFileReference section */
		9CD5586E214E02B600118B42 /* MainWindow.swift */ = {isa = PBXFileReference; lastKnownFileType = sourcecode.swift; path = MainWindow.swift; sourceTree = "<group>"; };
		9CD81C77214DE25A001E7FB1 /* Swinject.framework */ = {isa = PBXFileReference; lastKnownFileType = wrapper.framework; name = Swinject.framework; path = Carthage/Build/Mac/Swinject.framework; sourceTree = "<group>"; };
		9CD81C84214DE2BE001E7FB1 /* Swinject.framework.dSYM */ = {isa = PBXFileReference; lastKnownFileType = wrapper.dsym; name = Swinject.framework.dSYM; path = Carthage/Build/Mac/Swinject.framework.dSYM; sourceTree = "<group>"; };
		9CD81C87214DE36A001E7FB1 /* SwinjectAssembler.swift */ = {isa = PBXFileReference; lastKnownFileType = sourcecode.swift; path = SwinjectAssembler.swift; sourceTree = "<group>"; };
		9CD81C8A214DE41A001E7FB1 /* MainAssembly.swift */ = {isa = PBXFileReference; lastKnownFileType = sourcecode.swift; path = MainAssembly.swift; sourceTree = "<group>"; };
		9CD81C8C214DE472001E7FB1 /* MainRouter.swift */ = {isa = PBXFileReference; lastKnownFileType = sourcecode.swift; path = MainRouter.swift; sourceTree = "<group>"; };
		9CD81C8E214DE531001E7FB1 /* MainPresenter.swift */ = {isa = PBXFileReference; lastKnownFileType = sourcecode.swift; path = MainPresenter.swift; sourceTree = "<group>"; };
		9CE464F3214E2767005000DD /* EventMonitor.swift */ = {isa = PBXFileReference; lastKnownFileType = sourcecode.swift; path = EventMonitor.swift; sourceTree = "<group>"; };
		9CE464F5214E36B8005000DD /* PlayerFunctions.js */ = {isa = PBXFileReference; lastKnownFileType = sourcecode.javascript; path = PlayerFunctions.js; sourceTree = "<group>"; };
		9CE464F8214E43F1005000DD /* CleanUiFunctions.js */ = {isa = PBXFileReference; lastKnownFileType = sourcecode.javascript; path = CleanUiFunctions.js; sourceTree = "<group>"; };
		9CE464FA214E449E005000DD /* Inject.js */ = {isa = PBXFileReference; lastKnownFileType = sourcecode.javascript; path = Inject.js; sourceTree = "<group>"; };
		9CF2EF2C214DC2C2000D5E30 /* YouTubeBrowser.app */ = {isa = PBXFileReference; explicitFileType = wrapper.application; includeInIndex = 0; path = YouTubeBrowser.app; sourceTree = BUILT_PRODUCTS_DIR; };
		9CF2EF2F214DC2C2000D5E30 /* AppDelegate.swift */ = {isa = PBXFileReference; lastKnownFileType = sourcecode.swift; path = AppDelegate.swift; sourceTree = "<group>"; };
		9CF2EF31214DC2C2000D5E30 /* MainController.swift */ = {isa = PBXFileReference; lastKnownFileType = sourcecode.swift; path = MainController.swift; sourceTree = "<group>"; };
		9CF2EF33214DC2C3000D5E30 /* Assets.xcassets */ = {isa = PBXFileReference; lastKnownFileType = folder.assetcatalog; path = Assets.xcassets; sourceTree = "<group>"; };
		9CF2EF36214DC2C3000D5E30 /* Base */ = {isa = PBXFileReference; lastKnownFileType = file.storyboard; name = Base; path = Base.lproj/Main.storyboard; sourceTree = "<group>"; };
		9CF2EF38214DC2C3000D5E30 /* Info.plist */ = {isa = PBXFileReference; lastKnownFileType = text.plist.xml; path = Info.plist; sourceTree = "<group>"; };
		9CF2EF39214DC2C3000D5E30 /* YouTubeBrowser.entitlements */ = {isa = PBXFileReference; lastKnownFileType = text.plist.entitlements; path = YouTubeBrowser.entitlements; sourceTree = "<group>"; };
		9CF2EF40214DC33A000D5E30 /* LICENSE */ = {isa = PBXFileReference; fileEncoding = 4; lastKnownFileType = text; path = LICENSE; sourceTree = "<group>"; };
		9CF2EF41214DC33A000D5E30 /* README.md */ = {isa = PBXFileReference; fileEncoding = 4; lastKnownFileType = net.daringfireball.markdown; path = README.md; sourceTree = "<group>"; };
		9CF2EF44214DC382000D5E30 /* CHANGELOG.md */ = {isa = PBXFileReference; lastKnownFileType = net.daringfireball.markdown; path = CHANGELOG.md; sourceTree = "<group>"; };
		9CF2EF47214DC8C6000D5E30 /* WebViewController.swift */ = {isa = PBXFileReference; lastKnownFileType = sourcecode.swift; path = WebViewController.swift; sourceTree = "<group>"; };
		9CF2EF49214DCBD7000D5E30 /* Constants.swift */ = {isa = PBXFileReference; lastKnownFileType = sourcecode.swift; path = Constants.swift; sourceTree = "<group>"; };
		9CF2EF4D214DCC0B000D5E30 /* Cartfile */ = {isa = PBXFileReference; lastKnownFileType = text; path = Cartfile; sourceTree = "<group>"; };
		9CF2EF4F214DD20D000D5E30 /* Localization.swift */ = {isa = PBXFileReference; lastKnownFileType = sourcecode.swift; path = Localization.swift; sourceTree = "<group>"; };
/* End PBXFileReference section */

/* Begin PBXFrameworksBuildPhase section */
		9CF2EF29214DC2C2000D5E30 /* Frameworks */ = {
			isa = PBXFrameworksBuildPhase;
			buildActionMask = 2147483647;
			files = (
				9CD81C7A214DE288001E7FB1 /* Swinject.framework in Frameworks */,
			);
			runOnlyForDeploymentPostprocessing = 0;
		};
/* End PBXFrameworksBuildPhase section */

/* Begin PBXGroup section */
		9CD81C89214DE3CA001E7FB1 /* Swinject */ = {
			isa = PBXGroup;
			children = (
				9CD81C87214DE36A001E7FB1 /* SwinjectAssembler.swift */,
			);
			path = Swinject;
			sourceTree = "<group>";
		};
		9CE464F2214E275A005000DD /* Services */ = {
			isa = PBXGroup;
			children = (
				9CE464F3214E2767005000DD /* EventMonitor.swift */,
			);
			path = Services;
			sourceTree = "<group>";
		};
		9CE464F7214E4351005000DD /* JavaScript */ = {
			isa = PBXGroup;
			children = (
				9CE464F8214E43F1005000DD /* CleanUiFunctions.js */,
				9CE464F5214E36B8005000DD /* PlayerFunctions.js */,
				9CE464FA214E449E005000DD /* Inject.js */,
			);
			path = JavaScript;
			sourceTree = "<group>";
		};
		9CF2EF23214DC2C2000D5E30 = {
			isa = PBXGroup;
			children = (
				9CF2EF2E214DC2C2000D5E30 /* YouTubeBrowser */,
				9CF2EF3F214DC315000D5E30 /* Supporting Files */,
				9CF2EF5B214DDD27000D5E30 /* Frameworks */,
				9CF2EF2D214DC2C2000D5E30 /* Products */,
				9CF2EF4D214DCC0B000D5E30 /* Cartfile */,
				9CF2EF40214DC33A000D5E30 /* LICENSE */,
				9CF2EF41214DC33A000D5E30 /* README.md */,
				9CF2EF44214DC382000D5E30 /* CHANGELOG.md */,
			);
			sourceTree = "<group>";
		};
		9CF2EF2D214DC2C2000D5E30 /* Products */ = {
			isa = PBXGroup;
			children = (
				9CF2EF2C214DC2C2000D5E30 /* YouTubeBrowser.app */,
			);
			name = Products;
			sourceTree = "<group>";
		};
		9CF2EF2E214DC2C2000D5E30 /* YouTubeBrowser */ = {
			isa = PBXGroup;
			children = (
				9CF2EF49214DCBD7000D5E30 /* Constants.swift */,
				9CF2EF4F214DD20D000D5E30 /* Localization.swift */,
				9CD81C89214DE3CA001E7FB1 /* Swinject */,
				9CE464F7214E4351005000DD /* JavaScript */,
				9CE464F2214E275A005000DD /* Services */,
				9CF2EF4B214DCBDC000D5E30 /* Story */,
				9CF2EF4C214DCBE8000D5E30 /* App */,
			);
			path = YouTubeBrowser;
			sourceTree = "<group>";
		};
		9CF2EF3F214DC315000D5E30 /* Supporting Files */ = {
			isa = PBXGroup;
			children = (
				9CF2EF39214DC2C3000D5E30 /* YouTubeBrowser.entitlements */,
				9CF2EF33214DC2C3000D5E30 /* Assets.xcassets */,
				9CF2EF38214DC2C3000D5E30 /* Info.plist */,
			);
			path = "Supporting Files";
			sourceTree = "<group>";
		};
		9CF2EF4B214DCBDC000D5E30 /* Story */ = {
			isa = PBXGroup;
			children = (
				9CD81C8A214DE41A001E7FB1 /* MainAssembly.swift */,
				9CD81C8E214DE531001E7FB1 /* MainPresenter.swift */,
				9CD81C8C214DE472001E7FB1 /* MainRouter.swift */,
				9CF2EF35214DC2C3000D5E30 /* Main.storyboard */,
				9CD5586E214E02B600118B42 /* MainWindow.swift */,
				9CF2EF31214DC2C2000D5E30 /* MainController.swift */,
				9CF2EF47214DC8C6000D5E30 /* WebViewController.swift */,
			);
			path = Story;
			sourceTree = "<group>";
		};
		9CF2EF4C214DCBE8000D5E30 /* App */ = {
			isa = PBXGroup;
			children = (
				9CF2EF2F214DC2C2000D5E30 /* AppDelegate.swift */,
			);
			path = App;
			sourceTree = "<group>";
		};
		9CF2EF5B214DDD27000D5E30 /* Frameworks */ = {
			isa = PBXGroup;
			children = (
				9CD81C84214DE2BE001E7FB1 /* Swinject.framework.dSYM */,
				9CD81C77214DE25A001E7FB1 /* Swinject.framework */,
			);
			name = Frameworks;
			sourceTree = "<group>";
		};
/* End PBXGroup section */

/* Begin PBXNativeTarget section */
		9CF2EF2B214DC2C2000D5E30 /* YouTubeBrowser */ = {
			isa = PBXNativeTarget;
			buildConfigurationList = 9CF2EF3C214DC2C3000D5E30 /* Build configuration list for PBXNativeTarget "YouTubeBrowser" */;
			buildPhases = (
				9CF2EF28214DC2C2000D5E30 /* Sources */,
				9CF2EF29214DC2C2000D5E30 /* Frameworks */,
				9CF2EF2A214DC2C2000D5E30 /* Resources */,
				9CD81C6B214DE05B001E7FB1 /* Carthage, Copy Frameworks */,
				9CF2EF5C214DDDB0000D5E30 /* Carthage, Copy dSYM files */,
				9CD81C7C214DE289001E7FB1 /* Embed Frameworks */,
			);
			buildRules = (
			);
			dependencies = (
			);
			name = YouTubeBrowser;
			productName = YouTubeBrowser;
			productReference = 9CF2EF2C214DC2C2000D5E30 /* YouTubeBrowser.app */;
			productType = "com.apple.product-type.application";
		};
/* End PBXNativeTarget section */

/* Begin PBXProject section */
		9CF2EF24214DC2C2000D5E30 /* Project object */ = {
			isa = PBXProject;
			attributes = {
				LastSwiftUpdateCheck = 1000;
				LastUpgradeCheck = 1000;
				ORGANIZATIONNAME = "Anton Aleshkevich";
				TargetAttributes = {
					9CF2EF2B214DC2C2000D5E30 = {
						CreatedOnToolsVersion = 10.0;
						SystemCapabilities = {
							com.apple.Sandbox = {
								enabled = 1;
							};
						};
					};
				};
			};
			buildConfigurationList = 9CF2EF27214DC2C2000D5E30 /* Build configuration list for PBXProject "YouTubeBrowser" */;
			compatibilityVersion = "Xcode 9.3";
			developmentRegion = en;
			hasScannedForEncodings = 0;
			knownRegions = (
				en,
				Base,
			);
			mainGroup = 9CF2EF23214DC2C2000D5E30;
			productRefGroup = 9CF2EF2D214DC2C2000D5E30 /* Products */;
			projectDirPath = "";
			projectRoot = "";
			targets = (
				9CF2EF2B214DC2C2000D5E30 /* YouTubeBrowser */,
			);
		};
/* End PBXProject section */

/* Begin PBXResourcesBuildPhase section */
		9CF2EF2A214DC2C2000D5E30 /* Resources */ = {
			isa = PBXResourcesBuildPhase;
			buildActionMask = 2147483647;
			files = (
				9CE464F6214E36B9005000DD /* PlayerFunctions.js in Resources */,
				9CF2EF4E214DCC0B000D5E30 /* Cartfile in Resources */,
				9CE464F9214E43F1005000DD /* CleanUiFunctions.js in Resources */,
				9CF2EF42214DC33A000D5E30 /* LICENSE in Resources */,
				9CF2EF45214DC382000D5E30 /* CHANGELOG.md in Resources */,
				9CF2EF34214DC2C3000D5E30 /* Assets.xcassets in Resources */,
				9CE464FB214E449E005000DD /* Inject.js in Resources */,
				9CF2EF43214DC33A000D5E30 /* README.md in Resources */,
				9CF2EF37214DC2C3000D5E30 /* Main.storyboard in Resources */,
			);
			runOnlyForDeploymentPostprocessing = 0;
		};
/* End PBXResourcesBuildPhase section */

/* Begin PBXShellScriptBuildPhase section */
		9CD81C6B214DE05B001E7FB1 /* Carthage, Copy Frameworks */ = {
			isa = PBXShellScriptBuildPhase;
			buildActionMask = 2147483647;
			files = (
			);
			inputFileListPaths = (
			);
			inputPaths = (
				"$(SRCROOT)/Carthage/Build/Mac/Swinject.framework",
			);
			name = "Carthage, Copy Frameworks";
			outputFileListPaths = (
			);
			outputPaths = (
			);
			runOnlyForDeploymentPostprocessing = 0;
			shellPath = /bin/sh;
			shellScript = "/usr/local/bin/carthage copy-frameworks\n";
		};
/* End PBXShellScriptBuildPhase section */

/* Begin PBXSourcesBuildPhase section */
		9CF2EF28214DC2C2000D5E30 /* Sources */ = {
			isa = PBXSourcesBuildPhase;
			buildActionMask = 2147483647;
			files = (
				9CD81C88214DE36A001E7FB1 /* SwinjectAssembler.swift in Sources */,
				9CD81C8D214DE472001E7FB1 /* MainRouter.swift in Sources */,
				9CD5586F214E02B600118B42 /* MainWindow.swift in Sources */,
				9CE464F4214E2767005000DD /* EventMonitor.swift in Sources */,
				9CF2EF32214DC2C2000D5E30 /* MainController.swift in Sources */,
				9CD81C8B214DE41A001E7FB1 /* MainAssembly.swift in Sources */,
				9CD81C8F214DE531001E7FB1 /* MainPresenter.swift in Sources */,
				9CF2EF50214DD20D000D5E30 /* Localization.swift in Sources */,
				9CF2EF48214DC8C6000D5E30 /* WebViewController.swift in Sources */,
				9CF2EF30214DC2C2000D5E30 /* AppDelegate.swift in Sources */,
				9CF2EF4A214DCBD7000D5E30 /* Constants.swift in Sources */,
			);
			runOnlyForDeploymentPostprocessing = 0;
		};
/* End PBXSourcesBuildPhase section */

/* Begin PBXVariantGroup section */
		9CF2EF35214DC2C3000D5E30 /* Main.storyboard */ = {
			isa = PBXVariantGroup;
			children = (
				9CF2EF36214DC2C3000D5E30 /* Base */,
			);
			name = Main.storyboard;
			sourceTree = "<group>";
		};
/* End PBXVariantGroup section */

/* Begin XCBuildConfiguration section */
		9CF2EF3A214DC2C3000D5E30 /* Debug */ = {
			isa = XCBuildConfiguration;
			buildSettings = {
				ALWAYS_SEARCH_USER_PATHS = NO;
				CLANG_ANALYZER_NONNULL = YES;
				CLANG_ANALYZER_NUMBER_OBJECT_CONVERSION = YES_AGGRESSIVE;
				CLANG_CXX_LANGUAGE_STANDARD = "gnu++14";
				CLANG_CXX_LIBRARY = "libc++";
				CLANG_ENABLE_MODULES = YES;
				CLANG_ENABLE_OBJC_ARC = YES;
				CLANG_ENABLE_OBJC_WEAK = YES;
				CLANG_WARN_BLOCK_CAPTURE_AUTORELEASING = YES;
				CLANG_WARN_BOOL_CONVERSION = YES;
				CLANG_WARN_COMMA = YES;
				CLANG_WARN_CONSTANT_CONVERSION = YES;
				CLANG_WARN_DEPRECATED_OBJC_IMPLEMENTATIONS = YES;
				CLANG_WARN_DIRECT_OBJC_ISA_USAGE = YES_ERROR;
				CLANG_WARN_DOCUMENTATION_COMMENTS = YES;
				CLANG_WARN_EMPTY_BODY = YES;
				CLANG_WARN_ENUM_CONVERSION = YES;
				CLANG_WARN_INFINITE_RECURSION = YES;
				CLANG_WARN_INT_CONVERSION = YES;
				CLANG_WARN_NON_LITERAL_NULL_CONVERSION = YES;
				CLANG_WARN_OBJC_IMPLICIT_RETAIN_SELF = YES;
				CLANG_WARN_OBJC_LITERAL_CONVERSION = YES;
				CLANG_WARN_OBJC_ROOT_CLASS = YES_ERROR;
				CLANG_WARN_RANGE_LOOP_ANALYSIS = YES;
				CLANG_WARN_STRICT_PROTOTYPES = YES;
				CLANG_WARN_SUSPICIOUS_MOVE = YES;
				CLANG_WARN_UNGUARDED_AVAILABILITY = YES_AGGRESSIVE;
				CLANG_WARN_UNREACHABLE_CODE = YES;
				CLANG_WARN__DUPLICATE_METHOD_MATCH = YES;
				CODE_SIGN_IDENTITY = "Mac Developer";
				COPY_PHASE_STRIP = NO;
				DEBUG_INFORMATION_FORMAT = dwarf;
				ENABLE_STRICT_OBJC_MSGSEND = YES;
				ENABLE_TESTABILITY = YES;
				FRAMEWORK_SEARCH_PATHS = "$(PROJECT_DIR)/Carthage/Build/Mac";
				GCC_C_LANGUAGE_STANDARD = gnu11;
				GCC_DYNAMIC_NO_PIC = NO;
				GCC_NO_COMMON_BLOCKS = YES;
				GCC_OPTIMIZATION_LEVEL = 0;
				GCC_PREPROCESSOR_DEFINITIONS = (
					"DEBUG=1",
					"$(inherited)",
				);
				GCC_WARN_64_TO_32_BIT_CONVERSION = YES;
				GCC_WARN_ABOUT_RETURN_TYPE = YES_ERROR;
				GCC_WARN_UNDECLARED_SELECTOR = YES;
				GCC_WARN_UNINITIALIZED_AUTOS = YES_AGGRESSIVE;
				GCC_WARN_UNUSED_FUNCTION = YES;
				GCC_WARN_UNUSED_VARIABLE = YES;
				MACOSX_DEPLOYMENT_TARGET = 10.12;
				MTL_ENABLE_DEBUG_INFO = INCLUDE_SOURCE;
				MTL_FAST_MATH = YES;
				ONLY_ACTIVE_ARCH = YES;
				SDKROOT = macosx;
				SWIFT_ACTIVE_COMPILATION_CONDITIONS = DEBUG;
				SWIFT_OPTIMIZATION_LEVEL = "-Onone";
			};
			name = Debug;
		};
		9CF2EF3B214DC2C3000D5E30 /* Release */ = {
			isa = XCBuildConfiguration;
			buildSettings = {
				ALWAYS_SEARCH_USER_PATHS = NO;
				CLANG_ANALYZER_NONNULL = YES;
				CLANG_ANALYZER_NUMBER_OBJECT_CONVERSION = YES_AGGRESSIVE;
				CLANG_CXX_LANGUAGE_STANDARD = "gnu++14";
				CLANG_CXX_LIBRARY = "libc++";
				CLANG_ENABLE_MODULES = YES;
				CLANG_ENABLE_OBJC_ARC = YES;
				CLANG_ENABLE_OBJC_WEAK = YES;
				CLANG_WARN_BLOCK_CAPTURE_AUTORELEASING = YES;
				CLANG_WARN_BOOL_CONVERSION = YES;
				CLANG_WARN_COMMA = YES;
				CLANG_WARN_CONSTANT_CONVERSION = YES;
				CLANG_WARN_DEPRECATED_OBJC_IMPLEMENTATIONS = YES;
				CLANG_WARN_DIRECT_OBJC_ISA_USAGE = YES_ERROR;
				CLANG_WARN_DOCUMENTATION_COMMENTS = YES;
				CLANG_WARN_EMPTY_BODY = YES;
				CLANG_WARN_ENUM_CONVERSION = YES;
				CLANG_WARN_INFINITE_RECURSION = YES;
				CLANG_WARN_INT_CONVERSION = YES;
				CLANG_WARN_NON_LITERAL_NULL_CONVERSION = YES;
				CLANG_WARN_OBJC_IMPLICIT_RETAIN_SELF = YES;
				CLANG_WARN_OBJC_LITERAL_CONVERSION = YES;
				CLANG_WARN_OBJC_ROOT_CLASS = YES_ERROR;
				CLANG_WARN_RANGE_LOOP_ANALYSIS = YES;
				CLANG_WARN_STRICT_PROTOTYPES = YES;
				CLANG_WARN_SUSPICIOUS_MOVE = YES;
				CLANG_WARN_UNGUARDED_AVAILABILITY = YES_AGGRESSIVE;
				CLANG_WARN_UNREACHABLE_CODE = YES;
				CLANG_WARN__DUPLICATE_METHOD_MATCH = YES;
				CODE_SIGN_IDENTITY = "Mac Developer";
				COPY_PHASE_STRIP = NO;
				DEBUG_INFORMATION_FORMAT = "dwarf-with-dsym";
				ENABLE_NS_ASSERTIONS = NO;
				ENABLE_STRICT_OBJC_MSGSEND = YES;
				FRAMEWORK_SEARCH_PATHS = "$(PROJECT_DIR)/Carthage/Build/Mac";
				GCC_C_LANGUAGE_STANDARD = gnu11;
				GCC_NO_COMMON_BLOCKS = YES;
				GCC_WARN_64_TO_32_BIT_CONVERSION = YES;
				GCC_WARN_ABOUT_RETURN_TYPE = YES_ERROR;
				GCC_WARN_UNDECLARED_SELECTOR = YES;
				GCC_WARN_UNINITIALIZED_AUTOS = YES_AGGRESSIVE;
				GCC_WARN_UNUSED_FUNCTION = YES;
				GCC_WARN_UNUSED_VARIABLE = YES;
				MACOSX_DEPLOYMENT_TARGET = 10.12;
				MTL_ENABLE_DEBUG_INFO = NO;
				MTL_FAST_MATH = YES;
				SDKROOT = macosx;
				SWIFT_COMPILATION_MODE = wholemodule;
				SWIFT_OPTIMIZATION_LEVEL = "-O";
			};
			name = Release;
		};
		9CF2EF3D214DC2C3000D5E30 /* Debug */ = {
			isa = XCBuildConfiguration;
			buildSettings = {
				ASSETCATALOG_COMPILER_APPICON_NAME = AppIcon;
				CODE_SIGN_ENTITLEMENTS = "Supporting Files/YouTubeBrowser.entitlements";
				CODE_SIGN_STYLE = Automatic;
				COMBINE_HIDPI_IMAGES = YES;
				DEVELOPMENT_TEAM = 4N32Z87L9L;
				FRAMEWORK_SEARCH_PATHS = "$(inherited)";
				INFOPLIST_FILE = "Supporting Files/Info.plist";
				LD_RUNPATH_SEARCH_PATHS = (
					"$(inherited)",
					"@executable_path/../Frameworks",
				);
				PRODUCT_BUNDLE_IDENTIFIER = com.antonaleshkevich.YouTubeBrowser;
				PRODUCT_NAME = "$(TARGET_NAME)";
				SWIFT_VERSION = 4.2;
			};
			name = Debug;
		};
		9CF2EF3E214DC2C3000D5E30 /* Release */ = {
			isa = XCBuildConfiguration;
			buildSettings = {
				ASSETCATALOG_COMPILER_APPICON_NAME = AppIcon;
				CODE_SIGN_ENTITLEMENTS = "Supporting Files/YouTubeBrowser.entitlements";
				CODE_SIGN_STYLE = Automatic;
				COMBINE_HIDPI_IMAGES = YES;
				DEVELOPMENT_TEAM = 4N32Z87L9L;
				FRAMEWORK_SEARCH_PATHS = "$(inherited)";
				INFOPLIST_FILE = "Supporting Files/Info.plist";
				LD_RUNPATH_SEARCH_PATHS = (
					"$(inherited)",
					"@executable_path/../Frameworks",
				);
				PRODUCT_BUNDLE_IDENTIFIER = com.antonaleshkevich.YouTubeBrowser;
				PRODUCT_NAME = "$(TARGET_NAME)";
				SWIFT_VERSION = 4.2;
			};
			name = Release;
		};
/* End XCBuildConfiguration section */

/* Begin XCConfigurationList section */
		9CF2EF27214DC2C2000D5E30 /* Build configuration list for PBXProject "YouTubeBrowser" */ = {
			isa = XCConfigurationList;
			buildConfigurations = (
				9CF2EF3A214DC2C3000D5E30 /* Debug */,
				9CF2EF3B214DC2C3000D5E30 /* Release */,
			);
			defaultConfigurationIsVisible = 0;
			defaultConfigurationName = Release;
		};
		9CF2EF3C214DC2C3000D5E30 /* Build configuration list for PBXNativeTarget "YouTubeBrowser" */ = {
			isa = XCConfigurationList;
			buildConfigurations = (
				9CF2EF3D214DC2C3000D5E30 /* Debug */,
				9CF2EF3E214DC2C3000D5E30 /* Release */,
			);
			defaultConfigurationIsVisible = 0;
			defaultConfigurationName = Release;
		};
/* End XCConfigurationList section */
	};
	rootObject = 9CF2EF24214DC2C2000D5E30 /* Project object */;
}
